# THIS IS AN AUTOGENERATED FILE. DO NOT EDIT THIS FILE DIRECTLY.
# yarn lockfile v1


"@node-saml/node-saml@4.0.4", "@node-saml/node-saml@^4.0.4":
  version "4.0.4"
  resolved "https://registry.yarnpkg.com/@node-saml/node-saml/-/node-saml-4.0.4.tgz#472a6b17021a0c9d8261964bf6e1dd686ae2d515"
  integrity sha512-oybUBWBYVsHGckQxzyzlpRM4E2iuW3I2Ok/J9SwlotdmjvmZxSo6Ub74D9wltG8C9daJZYI57uy+1UK4FtcGXA==
  dependencies:
    "@types/debug" "^4.1.7"
    "@types/passport" "^1.0.11"
    "@types/xml-crypto" "^1.4.2"
    "@types/xml-encryption" "^1.2.1"
    "@types/xml2js" "^0.4.11"
    "@xmldom/xmldom" "^0.8.6"
    debug "^4.3.4"
    xml-crypto "^3.0.1"
    xml-encryption "^3.0.2"
    xml2js "^0.5.0"
    xmlbuilder "^15.1.1"

"@node-saml/passport-saml@^4.0.4":
  version "4.0.4"
  resolved "https://registry.yarnpkg.com/@node-saml/passport-saml/-/passport-saml-4.0.4.tgz#dce5ca38828fb2e5f63d56d4c0aefa01ba3c1dbc"
  integrity sha512-xFw3gw0yo+K1mzlkW15NeBF7cVpRHN/4vpjmBKzov5YFImCWh/G0LcTZ8krH3yk2/eRPc3Or8LRPudVJBjmYaw==
  dependencies:
    "@node-saml/node-saml" "^4.0.4"
    "@types/express" "^4.17.14"
    "@types/passport" "^1.0.11"
    "@types/passport-strategy" "^0.2.35"
    passport "^0.6.0"
    passport-strategy "^1.0.0"

"@types/body-parser@*":
  version "1.19.2"
  resolved "https://registry.yarnpkg.com/@types/body-parser/-/body-parser-1.19.2.tgz#aea2059e28b7658639081347ac4fab3de166e6f0"
  integrity sha512-ALYone6pm6QmwZoAgeyNksccT9Q4AWZQ6PvfwR37GT6r6FWUPguq6sUmNGSMV2Wr761oQoBxwGGa6DR5o1DC9g==
  dependencies:
    "@types/connect" "*"
    "@types/node" "*"

"@types/connect@*":
  version "3.4.36"
  resolved "https://registry.yarnpkg.com/@types/connect/-/connect-3.4.36.tgz#e511558c15a39cb29bd5357eebb57bd1459cd1ab"
  integrity sha512-P63Zd/JUGq+PdrM1lv0Wv5SBYeA2+CORvbrXbngriYY0jzLUWfQMQQxOhjONEz/wlHOAxOdY7CY65rgQdTjq2w==
  dependencies:
    "@types/node" "*"

"@types/debug@^4.1.7":
  version "4.1.8"
  resolved "https://registry.yarnpkg.com/@types/debug/-/debug-4.1.8.tgz#cef723a5d0a90990313faec2d1e22aee5eecb317"
  integrity sha512-/vPO1EPOs306Cvhwv7KfVfYvOJqA/S/AXjaHQiJboCZzcNDb+TIJFN9/2C9DZ//ijSKWioNyUxD792QmDJ+HKQ==
  dependencies:
    "@types/ms" "*"

"@types/express-serve-static-core@^4.17.33":
  version "4.17.36"
  resolved "https://registry.yarnpkg.com/@types/express-serve-static-core/-/express-serve-static-core-4.17.36.tgz#baa9022119bdc05a4adfe740ffc97b5f9360e545"
  integrity sha512-zbivROJ0ZqLAtMzgzIUC4oNqDG9iF0lSsAqpOD9kbs5xcIM3dTiyuHvBc7R8MtWBp3AAWGaovJa+wzWPjLYW7Q==
  dependencies:
    "@types/node" "*"
    "@types/qs" "*"
    "@types/range-parser" "*"
    "@types/send" "*"

"@types/express@*", "@types/express@^4.17.14":
  version "4.17.17"
  resolved "https://registry.yarnpkg.com/@types/express/-/express-4.17.17.tgz#01d5437f6ef9cfa8668e616e13c2f2ac9a491ae4"
  integrity sha512-Q4FmmuLGBG58btUnfS1c1r/NQdlp3DMfGDGig8WhfpA2YRUtEkxAjkZb0yvplJGYdF1fsQ81iMDcH24sSCNC/Q==
  dependencies:
    "@types/body-parser" "*"
    "@types/express-serve-static-core" "^4.17.33"
    "@types/qs" "*"
    "@types/serve-static" "*"

"@types/http-errors@*":
  version "2.0.1"
  resolved "https://registry.yarnpkg.com/@types/http-errors/-/http-errors-2.0.1.tgz#20172f9578b225f6c7da63446f56d4ce108d5a65"
  integrity sha512-/K3ds8TRAfBvi5vfjuz8y6+GiAYBZ0x4tXv1Av6CWBWn0IlADc+ZX9pMq7oU0fNQPnBwIZl3rmeLp6SBApbxSQ==

"@types/mime@*":
  version "3.0.1"
  resolved "https://registry.yarnpkg.com/@types/mime/-/mime-3.0.1.tgz#5f8f2bca0a5863cb69bc0b0acd88c96cb1d4ae10"
  integrity sha512-Y4XFY5VJAuw0FgAqPNd6NNoV44jbq9Bz2L7Rh/J6jLTiHBSBJa9fxqQIvkIld4GsoDOcCbvzOUAbLPsSKKg+uA==

"@types/mime@^1":
  version "1.3.2"
  resolved "https://registry.yarnpkg.com/@types/mime/-/mime-1.3.2.tgz#93e25bf9ee75fe0fd80b594bc4feb0e862111b5a"
  integrity sha512-YATxVxgRqNH6nHEIsvg6k2Boc1JHI9ZbH5iWFFv/MTkchz3b1ieGDa5T0a9RznNdI0KhVbdbWSN+KWWrQZRxTw==

"@types/ms@*":
  version "0.7.31"
  resolved "https://registry.yarnpkg.com/@types/ms/-/ms-0.7.31.tgz#31b7ca6407128a3d2bbc27fe2d21b345397f6197"
  integrity sha512-iiUgKzV9AuaEkZqkOLDIvlQiL6ltuZd9tGcW3gwpnX8JbuiuhFlEGmmFXEXkN50Cvq7Os88IY2v0dkDqXYWVgA==

"@types/node@*":
  version "20.5.9"
  resolved "https://registry.yarnpkg.com/@types/node/-/node-20.5.9.tgz#a70ec9d8fa0180a314c3ede0e20ea56ff71aed9a"
  integrity sha512-PcGNd//40kHAS3sTlzKB9C9XL4K0sTup8nbG5lC14kzEteTNuAFh9u5nA0o5TWnSG2r/JNPRXFVcHJIIeRlmqQ==

"@types/passport-strategy@^0.2.35":
  version "0.2.35"
  resolved "https://registry.yarnpkg.com/@types/passport-strategy/-/passport-strategy-0.2.35.tgz#e52f5212279ea73f02d9b06af67efe9cefce2d0c"
  integrity sha512-o5D19Jy2XPFoX2rKApykY15et3Apgax00RRLf0RUotPDUsYrQa7x4howLYr9El2mlUApHmCMv5CZ1IXqKFQ2+g==
  dependencies:
    "@types/express" "*"
    "@types/passport" "*"

"@types/passport@*", "@types/passport@^1.0.11":
  version "1.0.12"
  resolved "https://registry.yarnpkg.com/@types/passport/-/passport-1.0.12.tgz#7dc8ab96a5e895ec13688d9e3a96920a7f42e73e"
  integrity sha512-QFdJ2TiAEoXfEQSNDISJR1Tm51I78CymqcBa8imbjo6dNNu+l2huDxxbDEIoFIwOSKMkOfHEikyDuZ38WwWsmw==
  dependencies:
    "@types/express" "*"

"@types/qs@*":
  version "6.9.8"
  resolved "https://registry.yarnpkg.com/@types/qs/-/qs-6.9.8.tgz#f2a7de3c107b89b441e071d5472e6b726b4adf45"
  integrity sha512-u95svzDlTysU5xecFNTgfFG5RUWu1A9P0VzgpcIiGZA9iraHOdSzcxMxQ55DyeRaGCSxQi7LxXDI4rzq/MYfdg==

"@types/range-parser@*":
  version "1.2.4"
  resolved "https://registry.yarnpkg.com/@types/range-parser/-/range-parser-1.2.4.tgz#cd667bcfdd025213aafb7ca5915a932590acdcdc"
  integrity sha512-EEhsLsD6UsDM1yFhAvy0Cjr6VwmpMWqFBCb9w07wVugF7w9nfajxLuVmngTIpgS6svCnm6Vaw+MZhoDCKnOfsw==

"@types/send@*":
  version "0.17.1"
  resolved "https://registry.yarnpkg.com/@types/send/-/send-0.17.1.tgz#ed4932b8a2a805f1fe362a70f4e62d0ac994e301"
  integrity sha512-Cwo8LE/0rnvX7kIIa3QHCkcuF21c05Ayb0ZfxPiv0W8VRiZiNW/WuRupHKpqqGVGf7SUA44QSOUKaEd9lIrd/Q==
  dependencies:
    "@types/mime" "^1"
    "@types/node" "*"

"@types/serve-static@*":
  version "1.15.2"
  resolved "https://registry.yarnpkg.com/@types/serve-static/-/serve-static-1.15.2.tgz#3e5419ecd1e40e7405d34093f10befb43f63381a"
  integrity sha512-J2LqtvFYCzaj8pVYKw8klQXrLLk7TBZmQ4ShlcdkELFKGwGMfevMLneMMRkMgZxotOD9wg497LpC7O8PcvAmfw==
  dependencies:
    "@types/http-errors" "*"
    "@types/mime" "*"
    "@types/node" "*"

"@types/xml-crypto@^1.4.2":
  version "1.4.3"
  resolved "https://registry.yarnpkg.com/@types/xml-crypto/-/xml-crypto-1.4.3.tgz#852db00733c4fb68310bba6088dadb3e49c6238f"
  integrity sha512-pnvKYb7vUsUIMc+C6JM/j779YWQgOMcwjnqHJ9cdaWXwWEBE1hAqthzeszRx62V5RWMvS+XS9w9tXMOYyUc8zg==
  dependencies:
    "@types/node" "*"
    xpath "0.0.27"

"@types/xml-encryption@^1.2.1":
  version "1.2.2"
  resolved "https://registry.yarnpkg.com/@types/xml-encryption/-/xml-encryption-1.2.2.tgz#202bc30826d644d35eb96455bb23a982a5dd04b2"
  integrity sha512-UeuYOqW3ZzUQfwb/mb3GNZ2/DlVdh5mjJNmB/yFXgQr8/pwlVJ9I2w+AHPfRDzLshe7YpgUB4T1//qgbk6U87Q==
  dependencies:
    "@types/node" "*"

"@types/xml2js@^0.4.11":
  version "0.4.12"
  resolved "https://registry.yarnpkg.com/@types/xml2js/-/xml2js-0.4.12.tgz#d9aae03295476fd5cbc74e0b572816208dbec6d1"
  integrity sha512-CZPpQKBZ8db66EP5hCjwvYrLThgZvnyZrPXK2W+UI1oOaWezGt34iOaUCX4Jah2X8+rQqjvl9VKEIT8TR1I0rA==
  dependencies:
    "@types/node" "*"

"@xmldom/xmldom@^0.8.5", "@xmldom/xmldom@^0.8.6", "@xmldom/xmldom@^0.8.8":
  version "0.8.10"
  resolved "https://registry.yarnpkg.com/@xmldom/xmldom/-/xmldom-0.8.10.tgz#a1337ca426aa61cef9fe15b5b28e340a72f6fa99"
  integrity sha512-2WALfTl4xo2SkGCYRt6rDTFfk9R1czmBvUQy12gK2KuRKIpWEhcbbzy8EZXtz/jkRqHX8bFEc6FC1HjX4TUWYw==

debug@^4.3.4:
  version "4.3.4"
  resolved "https://registry.yarnpkg.com/debug/-/debug-4.3.4.tgz#1319f6579357f2338d3337d2cdd4914bb5dcc865"
  integrity sha512-PRWFHuSU3eDtQJPvnNY7Jcket1j0t5OuOsFzPPzsekD52Zl8qUfFIPEiswXqIvHWGVHOgX+7G/vCNNhehwxfkQ==
  dependencies:
    ms "2.1.2"

escape-html@^1.0.3:
  version "1.0.3"
  resolved "https://registry.yarnpkg.com/escape-html/-/escape-html-1.0.3.tgz#0258eae4d3d0c0974de1c169188ef0051d1d1988"
  integrity sha512-NiSupZ4OeuGwr68lGIeym/ksIZMJodUGOSCZ/FSnTxcrekbvqrgdUxlJOMpijaKZVjAJrWrGs/6Jy8OMuyj9ow==

ms@2.1.2:
  version "2.1.2"
  resolved "https://registry.yarnpkg.com/ms/-/ms-2.1.2.tgz#d09d1f357b443f493382a8eb3ccd183872ae6009"
  integrity sha512-sGkPx+VjMtmA6MX27oA4FBFELFCZZ4S4XqeGOXCv68tT+jb3vk/RyaKWP0PTKyWtmLSM0b+adUTEvbs1PEaH2w==

passport-strategy@1.x.x, passport-strategy@^1.0.0:
  version "1.0.0"
  resolved "https://registry.yarnpkg.com/passport-strategy/-/passport-strategy-1.0.0.tgz#b5539aa8fc225a3d1ad179476ddf236b440f52e4"
  integrity sha512-CB97UUvDKJde2V0KDWWB3lyf6PC3FaZP7YxZ2G8OAtn9p4HI9j9JLP9qjOGZFvyl8uwNT8qM+hGnz/n16NI7oA==

passport@^0.6.0:
  version "0.6.0"
  resolved "https://registry.yarnpkg.com/passport/-/passport-0.6.0.tgz#e869579fab465b5c0b291e841e6cc95c005fac9d"
  integrity sha512-0fe+p3ZnrWRW74fe8+SvCyf4a3Pb2/h7gFkQ8yTJpAO50gDzlfjZUZTO1k5Eg9kUct22OxHLqDZoKUWRHOh9ug==
  dependencies:
    passport-strategy "1.x.x"
    pause "0.0.1"
    utils-merge "^1.0.1"

pause@0.0.1:
  version "0.0.1"
  resolved "https://registry.yarnpkg.com/pause/-/pause-0.0.1.tgz#1d408b3fdb76923b9543d96fb4c9dfd535d9cb5d"
  integrity sha512-KG8UEiEVkR3wGEb4m5yZkVCzigAD+cVEJck2CzYZO37ZGJfctvVptVO192MwrtPhzONn6go8ylnOdMhKqi4nfg==

sax@>=0.6.0:
  version "1.2.4"
  resolved "https://registry.yarnpkg.com/sax/-/sax-1.2.4.tgz#2816234e2378bddc4e5354fab5caa895df7100d9"
  integrity sha512-NqVDv9TpANUjFm0N8uM5GxL36UgKi9/atZw+x7YFnQ8ckwFGKrl4xX4yWtrey3UJm5nP1kUbnYgLopqWNSRhWw==

utils-merge@^1.0.1:
  version "1.0.1"
  resolved "https://registry.yarnpkg.com/utils-merge/-/utils-merge-1.0.1.tgz#9f95710f50a267947b2ccc124741c1028427e713"
  integrity sha512-pMZTvIkT1d+TFGvDOqodOclx0QWkkgi6Tdoa8gC8ffGAAqz9pzPTZWAybbsHHoED/ztMtkv/VoYTYyShUn81hA==

xml-crypto@^3.0.1:
  version "3.2.0"
  resolved "https://registry.yarnpkg.com/xml-crypto/-/xml-crypto-3.2.0.tgz#a9debab572c8e895cff5fb351a8d8be3f6e1962e"
  integrity sha512-qVurBUOQrmvlgmZqIVBqmb06TD2a/PpEUfFPgD7BuBfjmoH4zgkqaWSIJrnymlCvM2GGt9x+XtJFA+ttoAufqg==
  dependencies:
    "@xmldom/xmldom" "^0.8.8"
    xpath "0.0.32"

xml-encryption@^3.0.2:
  version "3.0.2"
  resolved "https://registry.yarnpkg.com/xml-encryption/-/xml-encryption-3.0.2.tgz#d3cb67d97cdd9673313a42cc0d7fa43ff0886c21"
  integrity sha512-VxYXPvsWB01/aqVLd6ZMPWZ+qaj0aIdF+cStrVJMcFj3iymwZeI0ABzB3VqMYv48DkSpRhnrXqTUkR34j+UDyg==
  dependencies:
    "@xmldom/xmldom" "^0.8.5"
    escape-html "^1.0.3"
    xpath "0.0.32"

xml2js@^0.5.0:
  version "0.5.0"
  resolved "https://registry.yarnpkg.com/xml2js/-/xml2js-0.5.0.tgz#d9440631fbb2ed800203fad106f2724f62c493b7"
  integrity sha512-drPFnkQJik/O+uPKpqSgr22mpuFHqKdbS835iAQrUC73L2F5WkboIRd63ai/2Yg6I1jzifPFKH2NTK+cfglkIA==
  dependencies:
    sax ">=0.6.0"
    xmlbuilder "~11.0.0"

xmlbuilder@^15.1.1:
  version "15.1.1"
  resolved "https://registry.yarnpkg.com/xmlbuilder/-/xmlbuilder-15.1.1.tgz#9dcdce49eea66d8d10b42cae94a79c3c8d0c2ec5"
  integrity sha512-yMqGBqtXyeN1e3TGYvgNgDVZ3j84W4cwkOXQswghol6APgZWaff9lnbvN7MHYJOiXsvGPXtjTYJEiC9J2wv9Eg==

xmlbuilder@~11.0.0:
  version "11.0.1"
  resolved "https://registry.yarnpkg.com/xmlbuilder/-/xmlbuilder-11.0.1.tgz#be9bae1c8a046e76b31127726347d0ad7002beb3"
  integrity sha512-fDlsI/kFEx7gLvbecc0/ohLG50fugQp8ryHzMTuW9vSa1GJ0XYWKnhsUx7oie3G98+r56aTQIUB4kht42R3JvA==

xpath@0.0.27:
  version "0.0.27"
  resolved "https://registry.yarnpkg.com/xpath/-/xpath-0.0.27.tgz#dd3421fbdcc5646ac32c48531b4d7e9d0c2cfa92"
  integrity sha512-fg03WRxtkCV6ohClePNAECYsmpKKTv5L8y/X3Dn1hQrec3POx2jHZ/0P2qQ6HvsrU1BmeqXcof3NGGueG6LxwQ==

xpath@0.0.32:
  version "0.0.32"
  resolved "https://registry.yarnpkg.com/xpath/-/xpath-0.0.32.tgz#1b73d3351af736e17ec078d6da4b8175405c48af"
  integrity sha512-rxMJhSIoiO8vXcWvSifKqhvV96GjiD5wYb8/QHdoRyQvraTpp4IEv944nhGausZZ3u7dhQXteZuZbaqfpB7uYw==
